{
  "meteor": {},
  "dependencies": {
    "basePackages": {
      "jquery-ui": {},
      "huddle": {}
    },
    "packages": {
      "jquery-ui": {
        "git": "https://github.com/TimHeckel/meteor-jquery-ui.git",
        "tag": "v1.9.2",
        "commit": "c437d45edcf1367df8d5ffa8bad2867758030bd2"
      },
      "huddle": {
        "git": "https://github.com/raedle/meteor-huddle.git",
        "tag": "v0.9.3-2",
        "commit": "f3196efc6e429847f7e7819f4a83e19461aa76e3"
      }
    }
  }
}
