
Microsoft Visual Studio Solution File, Format Version 12.00
# Visual Studio 2013
VisualStudioVersion = 12.0.21005.1
MinimumVisualStudioVersion = 10.0.40219.1
Project("{FAE04EC0-301F-11D3-BF4B-00C04F79EFBC}") = "Tracking", "Tracking\Tracking.csproj", "{59E39FE8-3817-4910-9E35-4F518D71490F}"
EndProject
Project("{2150E333-8FDC-42A3-9474-1A3956D46DE8}") = ".nuget", ".nuget", "{FA396419-A3D5-49AE-94A4-E7D3A34206B8}"
	ProjectSection(SolutionItems) = preProject
		.nuget\NuGet.Config = .nuget\NuGet.Config
		.nuget\NuGet.exe = .nuget\NuGet.exe
		.nuget\NuGet.targets = .nuget\NuGet.targets
	EndProjectSection
EndProject
Project("{2150E333-8FDC-42A3-9474-1A3956D46DE8}") = "External", "External", "{9557B6AD-8DB9-4FD4-92B6-9085CCA45213}"
	ProjectSection(SolutionItems) = preProject
		Tracking\cublas64_55.dll = Tracking\cublas64_55.dll
		Tracking\cudart64_55.dll = Tracking\cudart64_55.dll
		Tracking\cufft64_55.dll = Tracking\cufft64_55.dll
		Tracking\cvextern.dll = Tracking\cvextern.dll
		Tracking\nppc64_55.dll = Tracking\nppc64_55.dll
		Tracking\nppi64_55.dll = Tracking\nppi64_55.dll
		Tracking\npps64_55.dll = Tracking\npps64_55.dll
		Tracking\OpenCL.dll = Tracking\OpenCL.dll
		Tracking\opencv_bioinspired290.dll = Tracking\opencv_bioinspired290.dll
		Tracking\opencv_calib3d290.dll = Tracking\opencv_calib3d290.dll
		Tracking\opencv_contrib290.dll = Tracking\opencv_contrib290.dll
		Tracking\opencv_core290.dll = Tracking\opencv_core290.dll
		Tracking\opencv_cudev290.dll = Tracking\opencv_cudev290.dll
		Tracking\opencv_features2d290.dll = Tracking\opencv_features2d290.dll
		Tracking\opencv_ffmpeg290_64.dll = Tracking\opencv_ffmpeg290_64.dll
		Tracking\opencv_flann290.dll = Tracking\opencv_flann290.dll
		Tracking\opencv_gpu290.dll = Tracking\opencv_gpu290.dll
		Tracking\opencv_gpuarithm290.dll = Tracking\opencv_gpuarithm290.dll
		Tracking\opencv_gpubgsegm290.dll = Tracking\opencv_gpubgsegm290.dll
		Tracking\opencv_gpucodec290.dll = Tracking\opencv_gpucodec290.dll
		Tracking\opencv_gpufeatures2d290.dll = Tracking\opencv_gpufeatures2d290.dll
		Tracking\opencv_gpufilters290.dll = Tracking\opencv_gpufilters290.dll
		Tracking\opencv_gpuimgproc290.dll = Tracking\opencv_gpuimgproc290.dll
		Tracking\opencv_gpulegacy290.dll = Tracking\opencv_gpulegacy290.dll
		Tracking\opencv_gpuoptflow290.dll = Tracking\opencv_gpuoptflow290.dll
		Tracking\opencv_gpustereo290.dll = Tracking\opencv_gpustereo290.dll
		Tracking\opencv_gpuwarping290.dll = Tracking\opencv_gpuwarping290.dll
		Tracking\opencv_highgui290.dll = Tracking\opencv_highgui290.dll
		Tracking\opencv_imgproc290.dll = Tracking\opencv_imgproc290.dll
		Tracking\opencv_legacy290.dll = Tracking\opencv_legacy290.dll
		Tracking\opencv_ml290.dll = Tracking\opencv_ml290.dll
		Tracking\opencv_nonfree290.dll = Tracking\opencv_nonfree290.dll
		Tracking\opencv_objdetect290.dll = Tracking\opencv_objdetect290.dll
		Tracking\opencv_ocl290.dll = Tracking\opencv_ocl290.dll
		Tracking\opencv_optim290.dll = Tracking\opencv_optim290.dll
		Tracking\opencv_photo290.dll = Tracking\opencv_photo290.dll
		Tracking\opencv_softcascade290.dll = Tracking\opencv_softcascade290.dll
		Tracking\opencv_stitching290.dll = Tracking\opencv_stitching290.dll
		Tracking\opencv_superres290.dll = Tracking\opencv_superres290.dll
		Tracking\opencv_video290.dll = Tracking\opencv_video290.dll
		Tracking\opencv_videostab290.dll = Tracking\opencv_videostab290.dll
	EndProjectSection
EndProject
Project("{FAE04EC0-301F-11D3-BF4B-00C04F79EFBC}") = "Emgu.CV.External", "Emgu.CV.External\Emgu.CV.External.csproj", "{09D116F0-9BD0-479A-AF21-42C799782D18}"
EndProject
Project("{2150E333-8FDC-42A3-9474-1A3956D46DE8}") = "Markdown", "Markdown", "{02658324-73EF-4645-8861-C7EDD2A4B257}"
	ProjectSection(SolutionItems) = preProject
		README.md = README.md
	EndProjectSection
EndProject
Global
	GlobalSection(SolutionConfigurationPlatforms) = preSolution
		Debug|Any CPU = Debug|Any CPU
		Debug|x64 = Debug|x64
		Release|Any CPU = Release|Any CPU
		Release|x64 = Release|x64
	EndGlobalSection
	GlobalSection(ProjectConfigurationPlatforms) = postSolution
		{59E39FE8-3817-4910-9E35-4F518D71490F}.Debug|Any CPU.ActiveCfg = Debug|Any CPU
		{59E39FE8-3817-4910-9E35-4F518D71490F}.Debug|Any CPU.Build.0 = Debug|Any CPU
		{59E39FE8-3817-4910-9E35-4F518D71490F}.Debug|x64.ActiveCfg = Debug|x64
		{59E39FE8-3817-4910-9E35-4F518D71490F}.Debug|x64.Build.0 = Debug|x64
		{59E39FE8-3817-4910-9E35-4F518D71490F}.Release|Any CPU.ActiveCfg = Release|Any CPU
		{59E39FE8-3817-4910-9E35-4F518D71490F}.Release|Any CPU.Build.0 = Release|Any CPU
		{59E39FE8-3817-4910-9E35-4F518D71490F}.Release|x64.ActiveCfg = Release|x64
		{59E39FE8-3817-4910-9E35-4F518D71490F}.Release|x64.Build.0 = Release|x64
		{09D116F0-9BD0-479A-AF21-42C799782D18}.Debug|Any CPU.ActiveCfg = Debug|Any CPU
		{09D116F0-9BD0-479A-AF21-42C799782D18}.Debug|Any CPU.Build.0 = Debug|Any CPU
		{09D116F0-9BD0-479A-AF21-42C799782D18}.Debug|x64.ActiveCfg = Debug|x64
		{09D116F0-9BD0-479A-AF21-42C799782D18}.Debug|x64.Build.0 = Debug|x64
		{09D116F0-9BD0-479A-AF21-42C799782D18}.Release|Any CPU.ActiveCfg = Release|Any CPU
		{09D116F0-9BD0-479A-AF21-42C799782D18}.Release|Any CPU.Build.0 = Release|Any CPU
		{09D116F0-9BD0-479A-AF21-42C799782D18}.Release|x64.ActiveCfg = Release|x64
		{09D116F0-9BD0-479A-AF21-42C799782D18}.Release|x64.Build.0 = Release|x64
	EndGlobalSection
	GlobalSection(SolutionProperties) = preSolution
		HideSolutionNode = FALSE
	EndGlobalSection
EndGlobal
