
Microsoft Visual Studio Solution File, Format Version 12.00
# Visual Studio 2013
VisualStudioVersion = 12.0.31101.0
MinimumVisualStudioVersion = 10.0.40219.1
Project("{2150E333-8FDC-42A3-9474-1A3956D46DE8}") = ".nuget", ".nuget", "{FA396419-A3D5-49AE-94A4-E7D3A34206B8}"
	ProjectSection(SolutionItems) = preProject
		.nuget\NuGet.Config = .nuget\NuGet.Config
		.nuget\NuGet.exe = .nuget\NuGet.exe
		.nuget\NuGet.targets = .nuget\NuGet.targets
	EndProjectSection
EndProject
Project("{2150E333-8FDC-42A3-9474-1A3956D46DE8}") = "Pipelines", "Pipelines", "{34D63E42-579E-4950-8E83-F71DBD95F34E}"
	ProjectSection(SolutionItems) = preProject
		Pipelines\HuddleLamp.hep = Pipelines\HuddleLamp.hep
	EndProjectSection
EndProject
Project("{2150E333-8FDC-42A3-9474-1A3956D46DE8}") = "Engine", "Engine", "{28D0E2EA-2631-4C50-8585-55480D58872B}"
EndProject
Project("{2150E333-8FDC-42A3-9474-1A3956D46DE8}") = "Solution Items", "Solution Items", "{780E7C78-98D2-40E1-888F-95EF0910CDC3}"
	ProjectSection(SolutionItems) = preProject
		README.md = README.md
	EndProjectSection
EndProject
Project("{FAE04EC0-301F-11D3-BF4B-00C04F79EFBC}") = "Emgu.CV.External", "Engine\Emgu.CV.External\Emgu.CV.External.csproj", "{09D116F0-9BD0-479A-AF21-42C799782D18}"
EndProject
Project("{FAE04EC0-301F-11D3-BF4B-00C04F79EFBC}") = "Huddle.Engine", "Engine\Huddle.Engine\Huddle.Engine.csproj", "{59E39FE8-3817-4910-9E35-4F518D71490F}"
EndProject
Global
	GlobalSection(SolutionConfigurationPlatforms) = preSolution
		Debug|Any CPU = Debug|Any CPU
		Debug|x64 = Debug|x64
		Debug|x86 = Debug|x86
		Release|Any CPU = Release|Any CPU
		Release|x64 = Release|x64
		Release|x86 = Release|x86
	EndGlobalSection
	GlobalSection(ProjectConfigurationPlatforms) = postSolution
		{09D116F0-9BD0-479A-AF21-42C799782D18}.Debug|Any CPU.ActiveCfg = Debug|Any CPU
		{09D116F0-9BD0-479A-AF21-42C799782D18}.Debug|Any CPU.Build.0 = Debug|Any CPU
		{09D116F0-9BD0-479A-AF21-42C799782D18}.Debug|x64.ActiveCfg = Debug|x64
		{09D116F0-9BD0-479A-AF21-42C799782D18}.Debug|x64.Build.0 = Debug|x64
		{09D116F0-9BD0-479A-AF21-42C799782D18}.Debug|x86.ActiveCfg = Debug|x86
		{09D116F0-9BD0-479A-AF21-42C799782D18}.Debug|x86.Build.0 = Debug|x86
		{09D116F0-9BD0-479A-AF21-42C799782D18}.Release|Any CPU.ActiveCfg = Release|Any CPU
		{09D116F0-9BD0-479A-AF21-42C799782D18}.Release|Any CPU.Build.0 = Release|Any CPU
		{09D116F0-9BD0-479A-AF21-42C799782D18}.Release|x64.ActiveCfg = Release|x64
		{09D116F0-9BD0-479A-AF21-42C799782D18}.Release|x64.Build.0 = Release|x64
		{09D116F0-9BD0-479A-AF21-42C799782D18}.Release|x86.ActiveCfg = Release|x86
		{09D116F0-9BD0-479A-AF21-42C799782D18}.Release|x86.Build.0 = Release|x86
		{59E39FE8-3817-4910-9E35-4F518D71490F}.Debug|Any CPU.ActiveCfg = Debug|Any CPU
		{59E39FE8-3817-4910-9E35-4F518D71490F}.Debug|Any CPU.Build.0 = Debug|Any CPU
		{59E39FE8-3817-4910-9E35-4F518D71490F}.Debug|x64.ActiveCfg = Debug|x64
		{59E39FE8-3817-4910-9E35-4F518D71490F}.Debug|x64.Build.0 = Debug|x64
		{59E39FE8-3817-4910-9E35-4F518D71490F}.Debug|x86.ActiveCfg = Debug|x86
		{59E39FE8-3817-4910-9E35-4F518D71490F}.Debug|x86.Build.0 = Debug|x86
		{59E39FE8-3817-4910-9E35-4F518D71490F}.Release|Any CPU.ActiveCfg = Release|Any CPU
		{59E39FE8-3817-4910-9E35-4F518D71490F}.Release|Any CPU.Build.0 = Release|Any CPU
		{59E39FE8-3817-4910-9E35-4F518D71490F}.Release|x64.ActiveCfg = Release|x64
		{59E39FE8-3817-4910-9E35-4F518D71490F}.Release|x64.Build.0 = Release|x64
		{59E39FE8-3817-4910-9E35-4F518D71490F}.Release|x86.ActiveCfg = Release|x86
		{59E39FE8-3817-4910-9E35-4F518D71490F}.Release|x86.Build.0 = Release|x86
	EndGlobalSection
	GlobalSection(SolutionProperties) = preSolution
		HideSolutionNode = FALSE
	EndGlobalSection
	GlobalSection(NestedProjects) = preSolution
		{34D63E42-579E-4950-8E83-F71DBD95F34E} = {780E7C78-98D2-40E1-888F-95EF0910CDC3}
		{09D116F0-9BD0-479A-AF21-42C799782D18} = {28D0E2EA-2631-4C50-8585-55480D58872B}
		{59E39FE8-3817-4910-9E35-4F518D71490F} = {28D0E2EA-2631-4C50-8585-55480D58872B}
	EndGlobalSection
EndGlobal
