{
  "meteor": {},
  "dependencies": {
    "basePackages": {
      "huddle": {},
      "bootstrap-3": {}
    },
    "packages": {
      "huddle": {
        "git": "https://github.com/raedle/meteor-huddle.git",
        "tag": "v0.9.3-4",
        "commit": "bdb369e12dc345a595c7925e6a96bd246735cc3b"
      },
      "bootstrap-3": {
        "git": "https://github.com/mangasocial/meteor-bootstrap-3.git",
        "tag": "v3.2.0-1",
        "commit": "17a63902fc6cf1096c5289d963c66cf28b474727"
      }
    }
  }
}
